
Microsoft Visual Studio Solution File, Format Version 12.00
# Visual Studio Version 17
VisualStudioVersion = 17.4.33122.133
MinimumVisualStudioVersion = 10.0.40219.1
Project("{FAE04EC0-301F-11D3-BF4B-00C04F79EFBC}") = "FunctionalProgram", "FunctionalProgram\FunctionalProgram.csproj", "{5716769A-C07D-4148-9E5F-83AD39DFE0F2}"
EndProject
Global
	GlobalSection(SolutionConfigurationPlatforms) = preSolution
		Debug|Any CPU = Debug|Any CPU
		Release|Any CPU = Release|Any CPU
	EndGlobalSection
	GlobalSection(ProjectConfigurationPlatforms) = postSolution
		{5716769A-C07D-4148-9E5F-83AD39DFE0F2}.Debug|Any CPU.ActiveCfg = Debug|Any CPU
		{5716769A-C07D-4148-9E5F-83AD39DFE0F2}.Debug|Any CPU.Build.0 = Debug|Any CPU
		{5716769A-C07D-4148-9E5F-83AD39DFE0F2}.Release|Any CPU.ActiveCfg = Release|Any CPU
		{5716769A-C07D-4148-9E5F-83AD39DFE0F2}.Release|Any CPU.Build.0 = Release|Any CPU
	EndGlobalSection
	GlobalSection(SolutionProperties) = preSolution
		HideSolutionNode = FALSE
	EndGlobalSection
	GlobalSection(ExtensibilityGlobals) = postSolution
		SolutionGuid = {DA90DC98-9FC1-4BC0-B5B3-16427B1D4B28}
	EndGlobalSection
EndGlobal
